<?xml version="1.0" encoding="utf-8"?>
<Project ToolsVersion="4.0" xmlns="http://schemas.microsoft.com/developer/msbuild/2003">
  <ItemGroup>
    <Filter Include="assets">
      <UniqueIdentifier>{9dda94c8-3a6f-4562-90fe-5ceface38c32}</UniqueIdentifier>
    </Filter>
    <Filter Include="assets\shaders">
      <UniqueIdentifier>{4a8aa88a-0207-4dd4-9e2f-f34d3a505d1c}</UniqueIdentifier>
    </Filter>
    <Filter Include="Assignment2">
      <UniqueIdentifier>{34fd948e-325d-4a05-afc5-c0b3b3a147d9}</UniqueIdentifier>
    </Filter>
    <Filter Include="Assignment2\src">
      <UniqueIdentifier>{241569b9-b50d-4433-9131-99752bf77d8a}</UniqueIdentifier>
    </Filter>
    <Filter Include="include">
      <UniqueIdentifier>{9234ca84-7ae3-4a22-8850-a64d28d34c12}</UniqueIdentifier>
    </Filter>
    <Filter Include="include\as">
      <UniqueIdentifier>{5f4bd6d1-1813-4da7-b9c2-530d4145604c}</UniqueIdentifier>
    </Filter>
    <Filter Include="include\as\gl">
      <UniqueIdentifier>{596c7477-70a4-4c39-84d2-cb6483a30a62}</UniqueIdentifier>
    </Filter>
    <Filter Include="include\as\model">
      <UniqueIdentifier>{f573a6d1-118c-427b-ac27-e2ef31841844}</UniqueIdentifier>
    </Filter>
    <Filter Include="include\as\trans">
      <UniqueIdentifier>{a0615eae-6957-4368-9fb2-a262bc89330a}</UniqueIdentifier>
    </Filter>
    <Filter Include="src">
      <UniqueIdentifier>{bcc2fea6-cd53-450f-917b-563a4cf5ab55}</UniqueIdentifier>
    </Filter>
    <Filter Include="src\as">
      <UniqueIdentifier>{03e0012a-f1ec-47e2-875d-89647e2c6232}</UniqueIdentifier>
    </Filter>
    <Filter Include="src\as\gl">
      <UniqueIdentifier>{ec19cf54-08c6-48d4-99c9-570566091727}</UniqueIdentifier>
    </Filter>
    <Filter Include="src\as\model">
      <UniqueIdentifier>{1aa9c770-ffc8-4fac-88fb-38224f38f25f}</UniqueIdentifier>
    </Filter>
    <Filter Include="src\as\trans">
      <UniqueIdentifier>{5406f30e-c62b-4d43-b914-56d5cad59dea}</UniqueIdentifier>
    </Filter>
  </ItemGroup>
  <ItemGroup>
    <ClInclude Include="..\include\as\common.hpp">
      <Filter>include\as</Filter>
    </ClInclude>
    <ClInclude Include="..\include\as\gl\buffer_manager.hpp">
      <Filter>include\as\gl</Filter>
    </ClInclude>
    <ClInclude Include="..\include\as\gl\framebuffer_manager.hpp">
      <Filter>include\as\gl</Filter>
    </ClInclude>
    <ClInclude Include="..\include\as\gl\gl_tools.hpp">
      <Filter>include\as\gl</Filter>
    </ClInclude>
    <ClInclude Include="..\include\as\gl\index_manager.hpp">
      <Filter>include\as\gl</Filter>
    </ClInclude>
    <ClInclude Include="..\include\as\gl\program_manager.hpp">
      <Filter>include\as\gl</Filter>
    </ClInclude>
    <ClInclude Include="..\include\as\gl\shader_manager.hpp">
      <Filter>include\as\gl</Filter>
    </ClInclude>
    <ClInclude Include="..\include\as\gl\texture_manager.hpp">
      <Filter>include\as\gl</Filter>
    </ClInclude>
    <ClInclude Include="..\include\as\gl\ui_manager.hpp">
      <Filter>include\as\gl</Filter>
    </ClInclude>
    <ClInclude Include="..\include\as\gl\uniform_manager.hpp">
      <Filter>include\as\gl</Filter>
    </ClInclude>
    <ClInclude Include="..\include\as\gl\vertex_spec_manager.hpp">
      <Filter>include\as\gl</Filter>
    </ClInclude>
    <ClInclude Include="..\include\as\model\converter.hpp">
      <Filter>include\as\model</Filter>
    </ClInclude>
    <ClInclude Include="..\include\as\model\loader.hpp">
      <Filter>include\as\model</Filter>
    </ClInclude>
    <ClInclude Include="..\include\as\model\mesh.hpp">
      <Filter>include\as\model</Filter>
    </ClInclude>
    <ClInclude Include="..\include\as\model\model.hpp">
      <Filter>include\as\model</Filter>
    </ClInclude>
    <ClInclude Include="..\include\as\model\model_tools.hpp">
      <Filter>include\as\model</Filter>
    </ClInclude>
    <ClInclude Include="..\include\as\model\node.hpp">
      <Filter>include\as\model</Filter>
    </ClInclude>
    <ClInclude Include="..\include\as\model\texture.hpp">
      <Filter>include\as\model</Filter>
    </ClInclude>
    <ClInclude Include="..\include\as\model\vertex.hpp">
      <Filter>include\as\model</Filter>
    </ClInclude>
    <ClInclude Include="..\include\as\trans\camera.hpp">
      <Filter>include\as\trans</Filter>
    </ClInclude>
  </ItemGroup>
  <ItemGroup>
    <ClCompile Include="..\src\as\common.cpp">
      <Filter>src\as</Filter>
    </ClCompile>
    <ClCompile Include="..\src\as\gl\buffer_manager.cpp">
      <Filter>src\as\gl</Filter>
    </ClCompile>
    <ClCompile Include="..\src\as\gl\framebuffer_manager.cpp">
      <Filter>src\as\gl</Filter>
    </ClCompile>
    <ClCompile Include="..\src\as\gl\gl_tools.cpp">
      <Filter>src\as\gl</Filter>
    </ClCompile>
    <ClCompile Include="..\src\as\gl\program_manager.cpp">
      <Filter>src\as\gl</Filter>
    </ClCompile>
    <ClCompile Include="..\src\as\gl\shader_manager.cpp">
      <Filter>src\as\gl</Filter>
    </ClCompile>
    <ClCompile Include="..\src\as\gl\texture_manager.cpp">
      <Filter>src\as\gl</Filter>
    </ClCompile>
    <ClCompile Include="..\src\as\gl\ui_manager.cpp">
      <Filter>src\as\gl</Filter>
    </ClCompile>
    <ClCompile Include="..\src\as\gl\uniform_manager.cpp">
      <Filter>src\as\gl</Filter>
    </ClCompile>
    <ClCompile Include="..\src\as\gl\vertex_spec_manager.cpp">
      <Filter>src\as\gl</Filter>
    </ClCompile>
    <ClCompile Include="..\src\as\model\converter.cpp">
      <Filter>src\as\model</Filter>
    </ClCompile>
    <ClCompile Include="..\src\as\model\loader.cpp">
      <Filter>src\as\model</Filter>
    </ClCompile>
    <ClCompile Include="..\src\as\model\mesh.cpp">
      <Filter>src\as\model</Filter>
    </ClCompile>
    <ClCompile Include="..\src\as\model\model.cpp">
      <Filter>src\as\model</Filter>
    </ClCompile>
    <ClCompile Include="..\src\as\model\node.cpp">
      <Filter>src\as\model</Filter>
    </ClCompile>
    <ClCompile Include="..\src\as\model\texture.cpp">
      <Filter>src\as\model</Filter>
    </ClCompile>
    <ClCompile Include="..\src\as\model\vertex.cpp">
      <Filter>src\as\model</Filter>
    </ClCompile>
    <ClCompile Include="..\src\as\trans\camera.cpp">
      <Filter>src\as\trans</Filter>
    </ClCompile>
    <ClCompile Include="src\main.cpp">
      <Filter>Assignment2\src</Filter>
    </ClCompile>
  </ItemGroup>
  <ItemGroup>
    <CopyFileToFolders Include="assets\shaders\scene.frag">
      <Filter>assets\shaders</Filter>
    </CopyFileToFolders>
    <CopyFileToFolders Include="assets\shaders\scene.vert">
      <Filter>assets\shaders</Filter>
    </CopyFileToFolders>
    <CopyFileToFolders Include="assets\shaders\skybox.frag">
      <Filter>assets\shaders</Filter>
    </CopyFileToFolders>
    <CopyFileToFolders Include="assets\shaders\skybox.vert">
      <Filter>assets\shaders</Filter>
    </CopyFileToFolders>
  </ItemGroup>
</Project>