Microsoft Visual Studio Solution File, Format Version 12.00
# Visual Studio 15
VisualStudioVersion = 15.0.28010.2041
MinimumVisualStudioVersion = 10.0.40219.1
Project("{8BC9CEB8-8B4A-11D0-8D11-00A0C91BC942}") = "Assignment1", "Assignment1\Assignment1.vcxproj", "{F8376344-4D88-4DBC-832B-7D4BB528FA40}"
EndProject
Project("{8BC9CEB8-8B4A-11D0-8D11-00A0C91BC942}") = "Assignment2", "Assignment2\Assignment2.vcxproj", "{4FDD4209-9B6C-4C9C-8E2D-EAB449D959BD}"
EndProject
Global
	GlobalSection(SolutionConfigurationPlatforms) = preSolution
		Debug|Win32 = Debug|Win32
		Debug|x64 = Debug|x64
		Release|Win32 = Release|Win32
		Release|x64 = Release|x64
	EndGlobalSection
	GlobalSection(ProjectConfigurationPlatforms) = postSolution
		{F8376344-4D88-4DBC-832B-7D4BB528FA40}.Debug|Win32.ActiveCfg = Debug|Win32
		{F8376344-4D88-4DBC-832B-7D4BB528FA40}.Debug|Win32.Build.0 = Debug|Win32
		{F8376344-4D88-4DBC-832B-7D4BB528FA40}.Debug|x64.ActiveCfg = Debug|Win32
		{F8376344-4D88-4DBC-832B-7D4BB528FA40}.Release|Win32.ActiveCfg = Release|Win32
		{F8376344-4D88-4DBC-832B-7D4BB528FA40}.Release|Win32.Build.0 = Release|Win32
		{F8376344-4D88-4DBC-832B-7D4BB528FA40}.Release|x64.ActiveCfg = Release|Win32
		{4FDD4209-9B6C-4C9C-8E2D-EAB449D959BD}.Debug|Win32.ActiveCfg = Debug|Win32
		{4FDD4209-9B6C-4C9C-8E2D-EAB449D959BD}.Debug|Win32.Build.0 = Debug|Win32
		{4FDD4209-9B6C-4C9C-8E2D-EAB449D959BD}.Debug|x64.ActiveCfg = Debug|x64
		{4FDD4209-9B6C-4C9C-8E2D-EAB449D959BD}.Debug|x64.Build.0 = Debug|x64
		{4FDD4209-9B6C-4C9C-8E2D-EAB449D959BD}.Release|Win32.ActiveCfg = Release|Win32
		{4FDD4209-9B6C-4C9C-8E2D-EAB449D959BD}.Release|Win32.Build.0 = Release|Win32
		{4FDD4209-9B6C-4C9C-8E2D-EAB449D959BD}.Release|x64.ActiveCfg = Release|x64
		{4FDD4209-9B6C-4C9C-8E2D-EAB449D959BD}.Release|x64.Build.0 = Release|x64
	EndGlobalSection
	GlobalSection(SolutionProperties) = preSolution
		HideSolutionNode = FALSE
	EndGlobalSection
	GlobalSection(ExtensibilityGlobals) = postSolution
		SolutionGuid = {BE430358-9BAF-4535-888E-5937FAB53691}
	EndGlobalSection
EndGlobal
